// !$*UTF8*$!
{
	archiveVersion = 1;
	classes = {
	};
	objectVersion = 77;
	objects = {

/* Begin PBXBuildFile section */
		18247AF62D6280BB00CA0069 /* TMDB.framework in Frameworks */ = {isa = PBXBuildFile; fileRef = 183944DA2D56D31600C4001D /* TMDB.framework */; };
		18331ED02D5918C700EE7715 /* TMDB.framework in Frameworks */ = {isa = PBXBuildFile; fileRef = 183944DA2D56D31600C4001D /* TMDB.framework */; };
		183944E52D56D31600C4001D /* TMDB.framework in Frameworks */ = {isa = PBXBuildFile; fileRef = 183944DA2D56D31600C4001D /* TMDB.framework */; };
/* End PBXBuildFile section */

/* Begin PBXContainerItemProxy section */
		18247AF72D6280BB00CA0069 /* PBXContainerItemProxy */ = {
			isa = PBXContainerItemProxy;
			containerPortal = 183944D12D56D31600C4001D /* Project object */;
			proxyType = 1;
			remoteGlobalIDString = 183944D92D56D31600C4001D;
			remoteInfo = TMDB;
		};
		18331ED22D5918C700EE7715 /* PBXContainerItemProxy */ = {
			isa = PBXContainerItemProxy;
			containerPortal = 183944D12D56D31600C4001D /* Project object */;
			proxyType = 1;
			remoteGlobalIDString = 183944D92D56D31600C4001D;
			remoteInfo = TMDB;
		};
		183944E62D56D31600C4001D /* PBXContainerItemProxy */ = {
			isa = PBXContainerItemProxy;
			containerPortal = 183944D12D56D31600C4001D /* Project object */;
			proxyType = 1;
			remoteGlobalIDString = 183944D92D56D31600C4001D;
			remoteInfo = TMDB;
		};
/* End PBXContainerItemProxy section */

/* Begin PBXFileReference section */
		1810BD362D5833BF0003542F /* Secrets.xcconfig */ = {isa = PBXFileReference; lastKnownFileType = text.xcconfig; path = Secrets.xcconfig; sourceTree = "<group>"; };
		1810BD372D5834490003542F /* .gitignore */ = {isa = PBXFileReference; lastKnownFileType = text; path = .gitignore; sourceTree = "<group>"; };
		18247AED2D62800500CA0069 /* CoreDataIntegration.xctestplan */ = {isa = PBXFileReference; lastKnownFileType = text; path = CoreDataIntegration.xctestplan; sourceTree = "<group>"; };
		18247AF22D6280BB00CA0069 /* TMDBCacheIntegrationTests.xctest */ = {isa = PBXFileReference; explicitFileType = wrapper.cfbundle; includeInIndex = 0; path = TMDBCacheIntegrationTests.xctest; sourceTree = BUILT_PRODUCTS_DIR; };
		18247B0D2D62822700CA0069 /* TMDBSharedTestsUtils.xctest */ = {isa = PBXFileReference; explicitFileType = wrapper.cfbundle; includeInIndex = 0; path = TMDBSharedTestsUtils.xctest; sourceTree = BUILT_PRODUCTS_DIR; };
		182B38252D58271200ED5BE2 /* TMDBEndtoEndTests.xctestplan */ = {isa = PBXFileReference; lastKnownFileType = text; path = TMDBEndtoEndTests.xctestplan; sourceTree = "<group>"; };
		18331EF42D59756600EE7715 /* CI.xctestplan */ = {isa = PBXFileReference; lastKnownFileType = text; path = CI.xctestplan; sourceTree = "<group>"; };
		183944DA2D56D31600C4001D /* TMDB.framework */ = {isa = PBXFileReference; explicitFileType = wrapper.framework; includeInIndex = 0; path = TMDB.framework; sourceTree = BUILT_PRODUCTS_DIR; };
		183944E42D56D31600C4001D /* TMDBTests.xctest */ = {isa = PBXFileReference; explicitFileType = wrapper.cfbundle; includeInIndex = 0; path = TMDBTests.xctest; sourceTree = BUILT_PRODUCTS_DIR; };
		188492AE2D57EEAB00E4F1F0 /* TMDB.xctestplan */ = {isa = PBXFileReference; lastKnownFileType = text; path = TMDB.xctestplan; sourceTree = "<group>"; };
		188492B32D57F0EA00E4F1F0 /* TMDBEndtoEndTests.xctest */ = {isa = PBXFileReference; explicitFileType = wrapper.cfbundle; includeInIndex = 0; path = TMDBEndtoEndTests.xctest; sourceTree = BUILT_PRODUCTS_DIR; };
/* End PBXFileReference section */

/* Begin PBXFileSystemSynchronizedBuildFileExceptionSet section */
		183944EC2D56D31600C4001D /* Exceptions for "TMDB" folder in "TMDB" target */ = {
			isa = PBXFileSystemSynchronizedBuildFileExceptionSet;
			publicHeaders = (
				TMDB.h,
			);
			target = 183944D92D56D31600C4001D /* TMDB */;
		};
/* End PBXFileSystemSynchronizedBuildFileExceptionSet section */

/* Begin PBXFileSystemSynchronizedRootGroup section */
		18247AF32D6280BB00CA0069 /* TMDBCacheIntegrationTests */ = {
			isa = PBXFileSystemSynchronizedRootGroup;
			path = TMDBCacheIntegrationTests;
			sourceTree = "<group>";
		};
		18247B0E2D62822700CA0069 /* TMDBSharedTestsUtils */ = {
			isa = PBXFileSystemSynchronizedRootGroup;
			path = TMDBSharedTestsUtils;
			sourceTree = "<group>";
		};
		183944DC2D56D31600C4001D /* TMDB */ = {
			isa = PBXFileSystemSynchronizedRootGroup;
			exceptions = (
				183944EC2D56D31600C4001D /* Exceptions for "TMDB" folder in "TMDB" target */,
			);
			path = TMDB;
			sourceTree = "<group>";
		};
		183944E82D56D31600C4001D /* TMDBTests */ = {
			isa = PBXFileSystemSynchronizedRootGroup;
			path = TMDBTests;
			sourceTree = "<group>";
		};
		188492B42D57F0EA00E4F1F0 /* TMDBEndtoEndTests */ = {
			isa = PBXFileSystemSynchronizedRootGroup;
			path = TMDBEndtoEndTests;
			sourceTree = "<group>";
		};
/* End PBXFileSystemSynchronizedRootGroup section */

/* Begin PBXFrameworksBuildPhase section */
		18247AEF2D6280BB00CA0069 /* Frameworks */ = {
			isa = PBXFrameworksBuildPhase;
			buildActionMask = 2147483647;
			files = (
				18247AF62D6280BB00CA0069 /* TMDB.framework in Frameworks */,
			);
			runOnlyForDeploymentPostprocessing = 0;
		};
		18247B0A2D62822700CA0069 /* Frameworks */ = {
			isa = PBXFrameworksBuildPhase;
			buildActionMask = 2147483647;
			files = (
			);
			runOnlyForDeploymentPostprocessing = 0;
		};
		183944D72D56D31600C4001D /* Frameworks */ = {
			isa = PBXFrameworksBuildPhase;
			buildActionMask = 2147483647;
			files = (
			);
			runOnlyForDeploymentPostprocessing = 0;
		};
		183944E12D56D31600C4001D /* Frameworks */ = {
			isa = PBXFrameworksBuildPhase;
			buildActionMask = 2147483647;
			files = (
				183944E52D56D31600C4001D /* TMDB.framework in Frameworks */,
			);
			runOnlyForDeploymentPostprocessing = 0;
		};
		188492B02D57F0EA00E4F1F0 /* Frameworks */ = {
			isa = PBXFrameworksBuildPhase;
			buildActionMask = 2147483647;
			files = (
				18331ED02D5918C700EE7715 /* TMDB.framework in Frameworks */,
			);
			runOnlyForDeploymentPostprocessing = 0;
		};
/* End PBXFrameworksBuildPhase section */

/* Begin PBXGroup section */
		183944D02D56D31600C4001D = {
			isa = PBXGroup;
			children = (
				18247AED2D62800500CA0069 /* CoreDataIntegration.xctestplan */,
				18331EF42D59756600EE7715 /* CI.xctestplan */,
				1810BD372D5834490003542F /* .gitignore */,
				1810BD362D5833BF0003542F /* Secrets.xcconfig */,
				182B38252D58271200ED5BE2 /* TMDBEndtoEndTests.xctestplan */,
				188492AE2D57EEAB00E4F1F0 /* TMDB.xctestplan */,
				183944DC2D56D31600C4001D /* TMDB */,
				183944E82D56D31600C4001D /* TMDBTests */,
				188492B42D57F0EA00E4F1F0 /* TMDBEndtoEndTests */,
				18247AF32D6280BB00CA0069 /* TMDBCacheIntegrationTests */,
				18247B0E2D62822700CA0069 /* TMDBSharedTestsUtils */,
				183944DB2D56D31600C4001D /* Products */,
			);
			sourceTree = "<group>";
		};
		183944DB2D56D31600C4001D /* Products */ = {
			isa = PBXGroup;
			children = (
				183944DA2D56D31600C4001D /* TMDB.framework */,
				183944E42D56D31600C4001D /* TMDBTests.xctest */,
				188492B32D57F0EA00E4F1F0 /* TMDBEndtoEndTests.xctest */,
				18247AF22D6280BB00CA0069 /* TMDBCacheIntegrationTests.xctest */,
				18247B0D2D62822700CA0069 /* TMDBSharedTestsUtils.xctest */,
			);
			name = Products;
			sourceTree = "<group>";
		};
/* End PBXGroup section */

/* Begin PBXHeadersBuildPhase section */
		183944D52D56D31600C4001D /* Headers */ = {
			isa = PBXHeadersBuildPhase;
			buildActionMask = 2147483647;
			files = (
			);
			runOnlyForDeploymentPostprocessing = 0;
		};
/* End PBXHeadersBuildPhase section */

/* Begin PBXNativeTarget section */
		18247AF12D6280BB00CA0069 /* TMDBCacheIntegrationTests */ = {
			isa = PBXNativeTarget;
			buildConfigurationList = 18247AF92D6280BB00CA0069 /* Build configuration list for PBXNativeTarget "TMDBCacheIntegrationTests" */;
			buildPhases = (
				18247AEE2D6280BB00CA0069 /* Sources */,
				18247AEF2D6280BB00CA0069 /* Frameworks */,
				18247AF02D6280BB00CA0069 /* Resources */,
			);
			buildRules = (
			);
			dependencies = (
				18247AF82D6280BB00CA0069 /* PBXTargetDependency */,
			);
			fileSystemSynchronizedGroups = (
				18247AF32D6280BB00CA0069 /* TMDBCacheIntegrationTests */,
				18247B0E2D62822700CA0069 /* TMDBSharedTestsUtils */,
			);
			name = TMDBCacheIntegrationTests;
			packageProductDependencies = (
			);
			productName = TMDBCacheIntegrationTests;
			productReference = 18247AF22D6280BB00CA0069 /* TMDBCacheIntegrationTests.xctest */;
			productType = "com.apple.product-type.bundle.unit-test";
		};
		18247B0C2D62822700CA0069 /* TMDBSharedTestsUtils */ = {
			isa = PBXNativeTarget;
			buildConfigurationList = 18247B112D62822700CA0069 /* Build configuration list for PBXNativeTarget "TMDBSharedTestsUtils" */;
			buildPhases = (
				18247B092D62822700CA0069 /* Sources */,
				18247B0A2D62822700CA0069 /* Frameworks */,
				18247B0B2D62822700CA0069 /* Resources */,
			);
			buildRules = (
			);
			dependencies = (
			);
			fileSystemSynchronizedGroups = (
				18247B0E2D62822700CA0069 /* TMDBSharedTestsUtils */,
			);
			name = TMDBSharedTestsUtils;
			packageProductDependencies = (
			);
			productName = TMDBSharedTestsUtils;
			productReference = 18247B0D2D62822700CA0069 /* TMDBSharedTestsUtils.xctest */;
			productType = "com.apple.product-type.bundle.unit-test";
		};
		183944D92D56D31600C4001D /* TMDB */ = {
			isa = PBXNativeTarget;
			buildConfigurationList = 183944ED2D56D31600C4001D /* Build configuration list for PBXNativeTarget "TMDB" */;
			buildPhases = (
				183944D52D56D31600C4001D /* Headers */,
				183944D62D56D31600C4001D /* Sources */,
				183944D72D56D31600C4001D /* Frameworks */,
				183944D82D56D31600C4001D /* Resources */,
			);
			buildRules = (
			);
			dependencies = (
			);
			fileSystemSynchronizedGroups = (
				183944DC2D56D31600C4001D /* TMDB */,
			);
			name = TMDB;
			packageProductDependencies = (
			);
			productName = TMDB;
			productReference = 183944DA2D56D31600C4001D /* TMDB.framework */;
			productType = "com.apple.product-type.framework";
		};
		183944E32D56D31600C4001D /* TMDBTests */ = {
			isa = PBXNativeTarget;
			buildConfigurationList = 183944F22D56D31600C4001D /* Build configuration list for PBXNativeTarget "TMDBTests" */;
			buildPhases = (
				183944E02D56D31600C4001D /* Sources */,
				183944E12D56D31600C4001D /* Frameworks */,
				183944E22D56D31600C4001D /* Resources */,
			);
			buildRules = (
			);
			dependencies = (
				183944E72D56D31600C4001D /* PBXTargetDependency */,
			);
			fileSystemSynchronizedGroups = (
				18247B0E2D62822700CA0069 /* TMDBSharedTestsUtils */,
				183944E82D56D31600C4001D /* TMDBTests */,
			);
			name = TMDBTests;
			packageProductDependencies = (
			);
			productName = TMDBTests;
			productReference = 183944E42D56D31600C4001D /* TMDBTests.xctest */;
			productType = "com.apple.product-type.bundle.unit-test";
		};
		188492B22D57F0EA00E4F1F0 /* TMDBEndtoEndTests */ = {
			isa = PBXNativeTarget;
			buildConfigurationList = 188492B92D57F0EA00E4F1F0 /* Build configuration list for PBXNativeTarget "TMDBEndtoEndTests" */;
			buildPhases = (
				188492AF2D57F0EA00E4F1F0 /* Sources */,
				188492B02D57F0EA00E4F1F0 /* Frameworks */,
				188492B12D57F0EA00E4F1F0 /* Resources */,
			);
			buildRules = (
			);
			dependencies = (
				18331ED32D5918C700EE7715 /* PBXTargetDependency */,
			);
			fileSystemSynchronizedGroups = (
				188492B42D57F0EA00E4F1F0 /* TMDBEndtoEndTests */,
			);
			name = TMDBEndtoEndTests;
			packageProductDependencies = (
			);
			productName = TMDBEndtoEndTests;
			productReference = 188492B32D57F0EA00E4F1F0 /* TMDBEndtoEndTests.xctest */;
			productType = "com.apple.product-type.bundle.ui-testing";
		};
/* End PBXNativeTarget section */

/* Begin PBXProject section */
		183944D12D56D31600C4001D /* Project object */ = {
			isa = PBXProject;
			attributes = {
				BuildIndependentTargetsInParallel = 1;
				LastSwiftUpdateCheck = 1620;
				LastUpgradeCheck = 1620;
				TargetAttributes = {
					18247AF12D6280BB00CA0069 = {
						CreatedOnToolsVersion = 16.2;
					};
					18247B0C2D62822700CA0069 = {
						CreatedOnToolsVersion = 16.2;
					};
					183944D92D56D31600C4001D = {
						CreatedOnToolsVersion = 16.2;
					};
					183944E32D56D31600C4001D = {
						CreatedOnToolsVersion = 16.2;
					};
					188492B22D57F0EA00E4F1F0 = {
						CreatedOnToolsVersion = 16.2;
					};
				};
			};
			buildConfigurationList = 183944D42D56D31600C4001D /* Build configuration list for PBXProject "TMDB" */;
			developmentRegion = en;
			hasScannedForEncodings = 0;
			knownRegions = (
				en,
				Base,
			);
			mainGroup = 183944D02D56D31600C4001D;
			minimizedProjectReferenceProxies = 1;
			preferredProjectObjectVersion = 77;
			productRefGroup = 183944DB2D56D31600C4001D /* Products */;
			projectDirPath = "";
			projectRoot = "";
			targets = (
				183944D92D56D31600C4001D /* TMDB */,
				183944E32D56D31600C4001D /* TMDBTests */,
				188492B22D57F0EA00E4F1F0 /* TMDBEndtoEndTests */,
				18247AF12D6280BB00CA0069 /* TMDBCacheIntegrationTests */,
				18247B0C2D62822700CA0069 /* TMDBSharedTestsUtils */,
			);
		};
/* End PBXProject section */

/* Begin PBXResourcesBuildPhase section */
		18247AF02D6280BB00CA0069 /* Resources */ = {
			isa = PBXResourcesBuildPhase;
			buildActionMask = 2147483647;
			files = (
			);
			runOnlyForDeploymentPostprocessing = 0;
		};
		18247B0B2D62822700CA0069 /* Resources */ = {
			isa = PBXResourcesBuildPhase;
			buildActionMask = 2147483647;
			files = (
			);
			runOnlyForDeploymentPostprocessing = 0;
		};
		183944D82D56D31600C4001D /* Resources */ = {
			isa = PBXResourcesBuildPhase;
			buildActionMask = 2147483647;
			files = (
			);
			runOnlyForDeploymentPostprocessing = 0;
		};
		183944E22D56D31600C4001D /* Resources */ = {
			isa = PBXResourcesBuildPhase;
			buildActionMask = 2147483647;
			files = (
			);
			runOnlyForDeploymentPostprocessing = 0;
		};
		188492B12D57F0EA00E4F1F0 /* Resources */ = {
			isa = PBXResourcesBuildPhase;
			buildActionMask = 2147483647;
			files = (
			);
			runOnlyForDeploymentPostprocessing = 0;
		};
/* End PBXResourcesBuildPhase section */

/* Begin PBXSourcesBuildPhase section */
		18247AEE2D6280BB00CA0069 /* Sources */ = {
			isa = PBXSourcesBuildPhase;
			buildActionMask = 2147483647;
			files = (
			);
			runOnlyForDeploymentPostprocessing = 0;
		};
		18247B092D62822700CA0069 /* Sources */ = {
			isa = PBXSourcesBuildPhase;
			buildActionMask = 2147483647;
			files = (
			);
			runOnlyForDeploymentPostprocessing = 0;
		};
		183944D62D56D31600C4001D /* Sources */ = {
			isa = PBXSourcesBuildPhase;
			buildActionMask = 2147483647;
			files = (
			);
			runOnlyForDeploymentPostprocessing = 0;
		};
		183944E02D56D31600C4001D /* Sources */ = {
			isa = PBXSourcesBuildPhase;
			buildActionMask = 2147483647;
			files = (
			);
			runOnlyForDeploymentPostprocessing = 0;
		};
		188492AF2D57F0EA00E4F1F0 /* Sources */ = {
			isa = PBXSourcesBuildPhase;
			buildActionMask = 2147483647;
			files = (
			);
			runOnlyForDeploymentPostprocessing = 0;
		};
/* End PBXSourcesBuildPhase section */

/* Begin PBXTargetDependency section */
		18247AF82D6280BB00CA0069 /* PBXTargetDependency */ = {
			isa = PBXTargetDependency;
			target = 183944D92D56D31600C4001D /* TMDB */;
			targetProxy = 18247AF72D6280BB00CA0069 /* PBXContainerItemProxy */;
		};
		18331ED32D5918C700EE7715 /* PBXTargetDependency */ = {
			isa = PBXTargetDependency;
			target = 183944D92D56D31600C4001D /* TMDB */;
			targetProxy = 18331ED22D5918C700EE7715 /* PBXContainerItemProxy */;
		};
		183944E72D56D31600C4001D /* PBXTargetDependency */ = {
			isa = PBXTargetDependency;
			target = 183944D92D56D31600C4001D /* TMDB */;
			targetProxy = 183944E62D56D31600C4001D /* PBXContainerItemProxy */;
		};
/* End PBXTargetDependency section */

/* Begin XCBuildConfiguration section */
		18247AFA2D6280BB00CA0069 /* Debug */ = {
			isa = XCBuildConfiguration;
			buildSettings = {
				CODE_SIGN_STYLE = Automatic;
				CURRENT_PROJECT_VERSION = 1;
				DEVELOPMENT_TEAM = 2CYZ6HP688;
				GENERATE_INFOPLIST_FILE = YES;
				MARKETING_VERSION = 1.0;
				PRODUCT_BUNDLE_IDENTIFIER = com.davidluna.TMDBCacheIntegrationTests;
				PRODUCT_NAME = "$(TARGET_NAME)";
				SWIFT_EMIT_LOC_STRINGS = NO;
				SWIFT_VERSION = 5.0;
			};
			name = Debug;
		};
		18247AFB2D6280BB00CA0069 /* Release */ = {
			isa = XCBuildConfiguration;
			buildSettings = {
				CODE_SIGN_STYLE = Automatic;
				CURRENT_PROJECT_VERSION = 1;
				DEVELOPMENT_TEAM = 2CYZ6HP688;
				GENERATE_INFOPLIST_FILE = YES;
				MARKETING_VERSION = 1.0;
				PRODUCT_BUNDLE_IDENTIFIER = com.davidluna.TMDBCacheIntegrationTests;
				PRODUCT_NAME = "$(TARGET_NAME)";
				SWIFT_EMIT_LOC_STRINGS = NO;
				SWIFT_VERSION = 5.0;
			};
			name = Release;
		};
		18247B122D62822700CA0069 /* Debug */ = {
			isa = XCBuildConfiguration;
			buildSettings = {
				CODE_SIGN_STYLE = Automatic;
				CURRENT_PROJECT_VERSION = 1;
				DEVELOPMENT_TEAM = 2CYZ6HP688;
				GENERATE_INFOPLIST_FILE = YES;
				MARKETING_VERSION = 1.0;
				PRODUCT_BUNDLE_IDENTIFIER = com.davidluna.TMDBSharedTestsUtils;
				PRODUCT_NAME = "$(TARGET_NAME)";
				SWIFT_EMIT_LOC_STRINGS = NO;
				SWIFT_VERSION = 5.0;
			};
			name = Debug;
		};
		18247B132D62822700CA0069 /* Release */ = {
			isa = XCBuildConfiguration;
			buildSettings = {
				CODE_SIGN_STYLE = Automatic;
				CURRENT_PROJECT_VERSION = 1;
				DEVELOPMENT_TEAM = 2CYZ6HP688;
				GENERATE_INFOPLIST_FILE = YES;
				MARKETING_VERSION = 1.0;
				PRODUCT_BUNDLE_IDENTIFIER = com.davidluna.TMDBSharedTestsUtils;
				PRODUCT_NAME = "$(TARGET_NAME)";
				SWIFT_EMIT_LOC_STRINGS = NO;
				SWIFT_VERSION = 5.0;
			};
			name = Release;
		};
		183944EE2D56D31600C4001D /* Debug */ = {
			isa = XCBuildConfiguration;
			buildSettings = {
				BUILD_LIBRARY_FOR_DISTRIBUTION = YES;
				CODE_SIGN_STYLE = Automatic;
				COMBINE_HIDPI_IMAGES = YES;
				CURRENT_PROJECT_VERSION = 1;
				DEFINES_MODULE = YES;
				DEVELOPMENT_TEAM = 2CYZ6HP688;
				DYLIB_COMPATIBILITY_VERSION = 1;
				DYLIB_CURRENT_VERSION = 1;
				DYLIB_INSTALL_NAME_BASE = "@rpath";
				ENABLE_MODULE_VERIFIER = YES;
				GENERATE_INFOPLIST_FILE = YES;
				INFOPLIST_KEY_NSHumanReadableCopyright = "";
				INSTALL_PATH = "$(LOCAL_LIBRARY_DIR)/Frameworks";
				LD_RUNPATH_SEARCH_PATHS = (
					"$(inherited)",
					"@executable_path/../Frameworks",
					"@loader_path/Frameworks",
				);
				MARKETING_VERSION = 1.0;
				MODULE_VERIFIER_SUPPORTED_LANGUAGES = "objective-c objective-c++";
				MODULE_VERIFIER_SUPPORTED_LANGUAGE_STANDARDS = "gnu17 gnu++20";
				OTHER_LDFLAGS = "";
				PRODUCT_BUNDLE_IDENTIFIER = com.davidluna.TMDB;
				PRODUCT_NAME = "$(TARGET_NAME:c99extidentifier)";
				SKIP_INSTALL = YES;
				SWIFT_EMIT_LOC_STRINGS = YES;
				SWIFT_INSTALL_OBJC_HEADER = NO;
				SWIFT_VERSION = 5.0;
			};
			name = Debug;
		};
		183944EF2D56D31600C4001D /* Release */ = {
			isa = XCBuildConfiguration;
			buildSettings = {
				BUILD_LIBRARY_FOR_DISTRIBUTION = YES;
				CODE_SIGN_STYLE = Automatic;
				COMBINE_HIDPI_IMAGES = YES;
				CURRENT_PROJECT_VERSION = 1;
				DEFINES_MODULE = YES;
				DEVELOPMENT_TEAM = 2CYZ6HP688;
				DYLIB_COMPATIBILITY_VERSION = 1;
				DYLIB_CURRENT_VERSION = 1;
				DYLIB_INSTALL_NAME_BASE = "@rpath";
				ENABLE_MODULE_VERIFIER = YES;
				GENERATE_INFOPLIST_FILE = YES;
				INFOPLIST_KEY_NSHumanReadableCopyright = "";
				INSTALL_PATH = "$(LOCAL_LIBRARY_DIR)/Frameworks";
				LD_RUNPATH_SEARCH_PATHS = (
					"$(inherited)",
					"@executable_path/../Frameworks",
					"@loader_path/Frameworks",
				);
				MARKETING_VERSION = 1.0;
				MODULE_VERIFIER_SUPPORTED_LANGUAGES = "objective-c objective-c++";
				MODULE_VERIFIER_SUPPORTED_LANGUAGE_STANDARDS = "gnu17 gnu++20";
				PRODUCT_BUNDLE_IDENTIFIER = com.davidluna.TMDB;
				PRODUCT_NAME = "$(TARGET_NAME:c99extidentifier)";
				SKIP_INSTALL = YES;
				SWIFT_EMIT_LOC_STRINGS = YES;
				SWIFT_INSTALL_OBJC_HEADER = NO;
				SWIFT_VERSION = 5.0;
			};
			name = Release;
		};
		183944F02D56D31600C4001D /* Debug */ = {
			isa = XCBuildConfiguration;
			buildSettings = {
				ALWAYS_SEARCH_USER_PATHS = NO;
				ASSETCATALOG_COMPILER_GENERATE_SWIFT_ASSET_SYMBOL_EXTENSIONS = YES;
				CLANG_ANALYZER_NONNULL = YES;
				CLANG_ANALYZER_NUMBER_OBJECT_CONVERSION = YES_AGGRESSIVE;
				CLANG_CXX_LANGUAGE_STANDARD = "gnu++20";
				CLANG_ENABLE_MODULES = YES;
				CLANG_ENABLE_OBJC_ARC = YES;
				CLANG_ENABLE_OBJC_WEAK = YES;
				CLANG_WARN_BLOCK_CAPTURE_AUTORELEASING = YES;
				CLANG_WARN_BOOL_CONVERSION = YES;
				CLANG_WARN_COMMA = YES;
				CLANG_WARN_CONSTANT_CONVERSION = YES;
				CLANG_WARN_DEPRECATED_OBJC_IMPLEMENTATIONS = YES;
				CLANG_WARN_DIRECT_OBJC_ISA_USAGE = YES_ERROR;
				CLANG_WARN_DOCUMENTATION_COMMENTS = YES;
				CLANG_WARN_EMPTY_BODY = YES;
				CLANG_WARN_ENUM_CONVERSION = YES;
				CLANG_WARN_INFINITE_RECURSION = YES;
				CLANG_WARN_INT_CONVERSION = YES;
				CLANG_WARN_NON_LITERAL_NULL_CONVERSION = YES;
				CLANG_WARN_OBJC_IMPLICIT_RETAIN_SELF = YES;
				CLANG_WARN_OBJC_LITERAL_CONVERSION = YES;
				CLANG_WARN_OBJC_ROOT_CLASS = YES_ERROR;
				CLANG_WARN_QUOTED_INCLUDE_IN_FRAMEWORK_HEADER = YES;
				CLANG_WARN_RANGE_LOOP_ANALYSIS = YES;
				CLANG_WARN_STRICT_PROTOTYPES = YES;
				CLANG_WARN_SUSPICIOUS_MOVE = YES;
				CLANG_WARN_UNGUARDED_AVAILABILITY = YES_AGGRESSIVE;
				CLANG_WARN_UNREACHABLE_CODE = YES;
				CLANG_WARN__DUPLICATE_METHOD_MATCH = YES;
				COPY_PHASE_STRIP = NO;
				CURRENT_PROJECT_VERSION = 1;
				DEBUG_INFORMATION_FORMAT = dwarf;
				ENABLE_STRICT_OBJC_MSGSEND = YES;
				ENABLE_TESTABILITY = YES;
				ENABLE_USER_SCRIPT_SANDBOXING = YES;
				GCC_C_LANGUAGE_STANDARD = gnu17;
				GCC_DYNAMIC_NO_PIC = NO;
				GCC_NO_COMMON_BLOCKS = YES;
				GCC_OPTIMIZATION_LEVEL = 0;
				GCC_PREPROCESSOR_DEFINITIONS = (
					"DEBUG=1",
					"$(inherited)",
				);
				GCC_WARN_64_TO_32_BIT_CONVERSION = YES;
				GCC_WARN_ABOUT_RETURN_TYPE = YES_ERROR;
				GCC_WARN_UNDECLARED_SELECTOR = YES;
				GCC_WARN_UNINITIALIZED_AUTOS = YES_AGGRESSIVE;
				GCC_WARN_UNUSED_FUNCTION = YES;
				GCC_WARN_UNUSED_VARIABLE = YES;
				LOCALIZATION_PREFERS_STRING_CATALOGS = YES;
				MACOSX_DEPLOYMENT_TARGET = 15.2;
				MTL_ENABLE_DEBUG_INFO = INCLUDE_SOURCE;
				MTL_FAST_MATH = YES;
				ONLY_ACTIVE_ARCH = YES;
				SDKROOT = macosx;
				SWIFT_ACTIVE_COMPILATION_CONDITIONS = "DEBUG $(inherited)";
				SWIFT_OPTIMIZATION_LEVEL = "-Onone";
				VERSIONING_SYSTEM = "apple-generic";
				VERSION_INFO_PREFIX = "";
			};
			name = Debug;
		};
		183944F12D56D31600C4001D /* Release */ = {
			isa = XCBuildConfiguration;
			buildSettings = {
				ALWAYS_SEARCH_USER_PATHS = NO;
				ASSETCATALOG_COMPILER_GENERATE_SWIFT_ASSET_SYMBOL_EXTENSIONS = YES;
				CLANG_ANALYZER_NONNULL = YES;
				CLANG_ANALYZER_NUMBER_OBJECT_CONVERSION = YES_AGGRESSIVE;
				CLANG_CXX_LANGUAGE_STANDARD = "gnu++20";
				CLANG_ENABLE_MODULES = YES;
				CLANG_ENABLE_OBJC_ARC = YES;
				CLANG_ENABLE_OBJC_WEAK = YES;
				CLANG_WARN_BLOCK_CAPTURE_AUTORELEASING = YES;
				CLANG_WARN_BOOL_CONVERSION = YES;
				CLANG_WARN_COMMA = YES;
				CLANG_WARN_CONSTANT_CONVERSION = YES;
				CLANG_WARN_DEPRECATED_OBJC_IMPLEMENTATIONS = YES;
				CLANG_WARN_DIRECT_OBJC_ISA_USAGE = YES_ERROR;
				CLANG_WARN_DOCUMENTATION_COMMENTS = YES;
				CLANG_WARN_EMPTY_BODY = YES;
				CLANG_WARN_ENUM_CONVERSION = YES;
				CLANG_WARN_INFINITE_RECURSION = YES;
				CLANG_WARN_INT_CONVERSION = YES;
				CLANG_WARN_NON_LITERAL_NULL_CONVERSION = YES;
				CLANG_WARN_OBJC_IMPLICIT_RETAIN_SELF = YES;
				CLANG_WARN_OBJC_LITERAL_CONVERSION = YES;
				CLANG_WARN_OBJC_ROOT_CLASS = YES_ERROR;
				CLANG_WARN_QUOTED_INCLUDE_IN_FRAMEWORK_HEADER = YES;
				CLANG_WARN_RANGE_LOOP_ANALYSIS = YES;
				CLANG_WARN_STRICT_PROTOTYPES = YES;
				CLANG_WARN_SUSPICIOUS_MOVE = YES;
				CLANG_WARN_UNGUARDED_AVAILABILITY = YES_AGGRESSIVE;
				CLANG_WARN_UNREACHABLE_CODE = YES;
				CLANG_WARN__DUPLICATE_METHOD_MATCH = YES;
				COPY_PHASE_STRIP = NO;
				CURRENT_PROJECT_VERSION = 1;
				DEBUG_INFORMATION_FORMAT = "dwarf-with-dsym";
				ENABLE_NS_ASSERTIONS = NO;
				ENABLE_STRICT_OBJC_MSGSEND = YES;
				ENABLE_USER_SCRIPT_SANDBOXING = YES;
				GCC_C_LANGUAGE_STANDARD = gnu17;
				GCC_NO_COMMON_BLOCKS = YES;
				GCC_WARN_64_TO_32_BIT_CONVERSION = YES;
				GCC_WARN_ABOUT_RETURN_TYPE = YES_ERROR;
				GCC_WARN_UNDECLARED_SELECTOR = YES;
				GCC_WARN_UNINITIALIZED_AUTOS = YES_AGGRESSIVE;
				GCC_WARN_UNUSED_FUNCTION = YES;
				GCC_WARN_UNUSED_VARIABLE = YES;
				LOCALIZATION_PREFERS_STRING_CATALOGS = YES;
				MACOSX_DEPLOYMENT_TARGET = 15.2;
				MTL_ENABLE_DEBUG_INFO = NO;
				MTL_FAST_MATH = YES;
				SDKROOT = macosx;
				SWIFT_COMPILATION_MODE = wholemodule;
				VERSIONING_SYSTEM = "apple-generic";
				VERSION_INFO_PREFIX = "";
			};
			name = Release;
		};
		183944F32D56D31600C4001D /* Debug */ = {
			isa = XCBuildConfiguration;
			buildSettings = {
				CODE_SIGN_STYLE = Automatic;
				CURRENT_PROJECT_VERSION = 1;
				DEVELOPMENT_TEAM = 2CYZ6HP688;
				GENERATE_INFOPLIST_FILE = YES;
				MARKETING_VERSION = 1.0;
				PRODUCT_BUNDLE_IDENTIFIER = com.davidluna.TMDBTests;
				PRODUCT_NAME = "$(TARGET_NAME)";
				SWIFT_EMIT_LOC_STRINGS = NO;
				SWIFT_VERSION = 5.0;
			};
			name = Debug;
		};
		183944F42D56D31600C4001D /* Release */ = {
			isa = XCBuildConfiguration;
			buildSettings = {
				CODE_SIGN_STYLE = Automatic;
				CURRENT_PROJECT_VERSION = 1;
				DEVELOPMENT_TEAM = 2CYZ6HP688;
				GENERATE_INFOPLIST_FILE = YES;
				MARKETING_VERSION = 1.0;
				PRODUCT_BUNDLE_IDENTIFIER = com.davidluna.TMDBTests;
				PRODUCT_NAME = "$(TARGET_NAME)";
				SWIFT_EMIT_LOC_STRINGS = NO;
				SWIFT_VERSION = 5.0;
			};
			name = Release;
		};
		188492BA2D57F0EA00E4F1F0 /* Debug */ = {
			isa = XCBuildConfiguration;
			buildSettings = {
				CODE_SIGN_STYLE = Automatic;
				CURRENT_PROJECT_VERSION = 1;
				DEVELOPMENT_TEAM = 2CYZ6HP688;
				GENERATE_INFOPLIST_FILE = YES;
				MARKETING_VERSION = 1.0;
				PRODUCT_BUNDLE_IDENTIFIER = com.davidluna.TMDBEndtoEndTests;
				PRODUCT_NAME = "$(TARGET_NAME)";
				SWIFT_EMIT_LOC_STRINGS = NO;
				SWIFT_VERSION = 5.0;
			};
			name = Debug;
		};
		188492BB2D57F0EA00E4F1F0 /* Release */ = {
			isa = XCBuildConfiguration;
			buildSettings = {
				CODE_SIGN_STYLE = Automatic;
				CURRENT_PROJECT_VERSION = 1;
				DEVELOPMENT_TEAM = 2CYZ6HP688;
				GENERATE_INFOPLIST_FILE = YES;
				MARKETING_VERSION = 1.0;
				PRODUCT_BUNDLE_IDENTIFIER = com.davidluna.TMDBEndtoEndTests;
				PRODUCT_NAME = "$(TARGET_NAME)";
				SWIFT_EMIT_LOC_STRINGS = NO;
				SWIFT_VERSION = 5.0;
			};
			name = Release;
		};
/* End XCBuildConfiguration section */

/* Begin XCConfigurationList section */
		18247AF92D6280BB00CA0069 /* Build configuration list for PBXNativeTarget "TMDBCacheIntegrationTests" */ = {
			isa = XCConfigurationList;
			buildConfigurations = (
				18247AFA2D6280BB00CA0069 /* Debug */,
				18247AFB2D6280BB00CA0069 /* Release */,
			);
			defaultConfigurationIsVisible = 0;
			defaultConfigurationName = Release;
		};
		18247B112D62822700CA0069 /* Build configuration list for PBXNativeTarget "TMDBSharedTestsUtils" */ = {
			isa = XCConfigurationList;
			buildConfigurations = (
				18247B122D62822700CA0069 /* Debug */,
				18247B132D62822700CA0069 /* Release */,
			);
			defaultConfigurationIsVisible = 0;
			defaultConfigurationName = Release;
		};
		183944D42D56D31600C4001D /* Build configuration list for PBXProject "TMDB" */ = {
			isa = XCConfigurationList;
			buildConfigurations = (
				183944F02D56D31600C4001D /* Debug */,
				183944F12D56D31600C4001D /* Release */,
			);
			defaultConfigurationIsVisible = 0;
			defaultConfigurationName = Release;
		};
		183944ED2D56D31600C4001D /* Build configuration list for PBXNativeTarget "TMDB" */ = {
			isa = XCConfigurationList;
			buildConfigurations = (
				183944EE2D56D31600C4001D /* Debug */,
				183944EF2D56D31600C4001D /* Release */,
			);
			defaultConfigurationIsVisible = 0;
			defaultConfigurationName = Release;
		};
		183944F22D56D31600C4001D /* Build configuration list for PBXNativeTarget "TMDBTests" */ = {
			isa = XCConfigurationList;
			buildConfigurations = (
				183944F32D56D31600C4001D /* Debug */,
				183944F42D56D31600C4001D /* Release */,
			);
			defaultConfigurationIsVisible = 0;
			defaultConfigurationName = Release;
		};
		188492B92D57F0EA00E4F1F0 /* Build configuration list for PBXNativeTarget "TMDBEndtoEndTests" */ = {
			isa = XCConfigurationList;
			buildConfigurations = (
				188492BA2D57F0EA00E4F1F0 /* Debug */,
				188492BB2D57F0EA00E4F1F0 /* Release */,
			);
			defaultConfigurationIsVisible = 0;
			defaultConfigurationName = Release;
		};
/* End XCConfigurationList section */
	};
	rootObject = 183944D12D56D31600C4001D /* Project object */;
}
